
Microsoft Visual Studio Solution File, Format Version 12.00
# Visual Studio Version 16
VisualStudioVersion = 16.0.28922.388
MinimumVisualStudioVersion = 10.0.40219.1
Project("{FAE04EC0-301F-11D3-BF4B-00C04F79EFBC}") = "Server", "Server.csproj", "{508EF3E1-2CA8-487E-A226-C56F7CBD9C42}"
EndProject
Global
	GlobalSection(SolutionConfigurationPlatforms) = preSolution
		Debug|Any CPU = Debug|Any CPU
		Release|Any CPU = Release|Any CPU
	EndGlobalSection
	GlobalSection(ProjectConfigurationPlatforms) = postSolution
		{508EF3E1-2CA8-487E-A226-C56F7CBD9C42}.Debug|Any CPU.ActiveCfg = Debug|Any CPU
		{508EF3E1-2CA8-487E-A226-C56F7CBD9C42}.Debug|Any CPU.Build.0 = Debug|Any CPU
		{508EF3E1-2CA8-487E-A226-C56F7CBD9C42}.Release|Any CPU.ActiveCfg = Release|Any CPU
		{508EF3E1-2CA8-487E-A226-C56F7CBD9C42}.Release|Any CPU.Build.0 = Release|Any CPU
	EndGlobalSection
	GlobalSection(SolutionProperties) = preSolution
		HideSolutionNode = FALSE
	EndGlobalSection
	GlobalSection(ExtensibilityGlobals) = postSolution
		SolutionGuid = {F73B86CD-E588-4623-8380-FDDA0B9A466E}
	EndGlobalSection
EndGlobal
